<?xml version="1.0" encoding="utf-8"?>
<Project ToolsVersion="4.0" xmlns="http://schemas.microsoft.com/developer/msbuild/2003">
  <ItemGroup>
    <Filter Include="Windows">
      <UniqueIdentifier>{f118202d-9f1d-4d61-a82f-bd745b96164c}</UniqueIdentifier>
    </Filter>
    <Filter Include="DataStructures">
      <UniqueIdentifier>{be2ab296-ca7a-415a-b37b-94ed7dfbb384}</UniqueIdentifier>
    </Filter>
    <Filter Include="Math">
      <UniqueIdentifier>{10dbc328-e227-42f2-8b9a-b2b6802019a0}</UniqueIdentifier>
    </Filter>
    <Filter Include="DesignPatternTemplates">
      <UniqueIdentifier>{bc979831-d23e-47b4-9ed7-62bf427d2589}</UniqueIdentifier>
    </Filter>
    <Filter Include="Misc">
      <UniqueIdentifier>{97410cb0-6492-4d3c-ad69-0dc2f4b0e9db}</UniqueIdentifier>
    </Filter>
    <Filter Include="DesignPatternTemplates\Command">
      <UniqueIdentifier>{bdb69d29-7569-40ef-9b60-6ff6bf873053}</UniqueIdentifier>
    </Filter>
  </ItemGroup>
  <ItemGroup>
    <ClCompile Include="src\Windows\TextUtilities.cpp">
      <Filter>Windows</Filter>
    </ClCompile>
    <ClCompile Include="src\Math\Rng.cpp">
      <Filter>Math</Filter>
    </ClCompile>
  </ItemGroup>
  <ItemGroup>
    <ClInclude Include="src\Windows\TextUtilities.h">
      <Filter>Windows</Filter>
    </ClInclude>
    <ClInclude Include="src\DataStructures\Pair.hpp">
      <Filter>DataStructures</Filter>
    </ClInclude>
    <ClInclude Include="src\DataStructures\Vector2D.h">
      <Filter>DataStructures</Filter>
    </ClInclude>
    <ClInclude Include="src\Math\Rng.h">
      <Filter>Math</Filter>
    </ClInclude>
    <ClInclude Include="src\DesignPatternTemplates\Singleton.h">
      <Filter>DesignPatternTemplates</Filter>
    </ClInclude>
    <ClInclude Include="src\Misc\Macros.h">
      <Filter>Misc</Filter>
    </ClInclude>
    <ClInclude Include="src\DesignPatternTemplates\Command\Command.h">
      <Filter>DesignPatternTemplates\Command</Filter>
    </ClInclude>
  </ItemGroup>
</Project>