
Microsoft Visual Studio Solution File, Format Version 12.00
# Visual Studio 2013
VisualStudioVersion = 12.0.31101.0
MinimumVisualStudioVersion = 10.0.40219.1
Project("{8BC9CEB8-8B4A-11D0-8D11-00A0C91BC942}") = "DMGLib_RenderSystem", "DMGLib_RenderSystem\DMGLib_RenderSystem.vcxproj", "{6BDB309A-BD05-4831-90F9-7782E1ED9149}"
EndProject
Project("{8BC9CEB8-8B4A-11D0-8D11-00A0C91BC942}") = "DMGLib_Utilities", "DMGLib_Utilities\DMGLib_Utilities.vcxproj", "{4C7D77E8-484E-41C7-8DBD-92C3969C3C3B}"
EndProject
Project("{8BC9CEB8-8B4A-11D0-8D11-00A0C91BC942}") = "TestProject", "TestProject\TestProject.vcxproj", "{A4F9CB19-5464-4A64-995E-B7E571ED6096}"
EndProject
Project("{2150E333-8FDC-42A3-9474-1A3956D46DE8}") = "Utility Layer", "Utility Layer", "{DFC6E409-37C6-4DE9-B4AE-28598A606C3F}"
EndProject
Project("{2150E333-8FDC-42A3-9474-1A3956D46DE8}") = "Systems Layer", "Systems Layer", "{21978767-FF28-4EC0-9EEE-17862F02DB8D}"
EndProject
Global
	GlobalSection(SolutionConfigurationPlatforms) = preSolution
		Debug|Win32 = Debug|Win32
		Release|Win32 = Release|Win32
	EndGlobalSection
	GlobalSection(ProjectConfigurationPlatforms) = postSolution
		{6BDB309A-BD05-4831-90F9-7782E1ED9149}.Debug|Win32.ActiveCfg = Debug|Win32
		{6BDB309A-BD05-4831-90F9-7782E1ED9149}.Debug|Win32.Build.0 = Debug|Win32
		{6BDB309A-BD05-4831-90F9-7782E1ED9149}.Release|Win32.ActiveCfg = Release|Win32
		{6BDB309A-BD05-4831-90F9-7782E1ED9149}.Release|Win32.Build.0 = Release|Win32
		{4C7D77E8-484E-41C7-8DBD-92C3969C3C3B}.Debug|Win32.ActiveCfg = Debug|Win32
		{4C7D77E8-484E-41C7-8DBD-92C3969C3C3B}.Debug|Win32.Build.0 = Debug|Win32
		{4C7D77E8-484E-41C7-8DBD-92C3969C3C3B}.Release|Win32.ActiveCfg = Release|Win32
		{4C7D77E8-484E-41C7-8DBD-92C3969C3C3B}.Release|Win32.Build.0 = Release|Win32
		{A4F9CB19-5464-4A64-995E-B7E571ED6096}.Debug|Win32.ActiveCfg = Debug|Win32
		{A4F9CB19-5464-4A64-995E-B7E571ED6096}.Debug|Win32.Build.0 = Debug|Win32
		{A4F9CB19-5464-4A64-995E-B7E571ED6096}.Release|Win32.ActiveCfg = Release|Win32
		{A4F9CB19-5464-4A64-995E-B7E571ED6096}.Release|Win32.Build.0 = Release|Win32
	EndGlobalSection
	GlobalSection(SolutionProperties) = preSolution
		HideSolutionNode = FALSE
	EndGlobalSection
	GlobalSection(NestedProjects) = preSolution
		{6BDB309A-BD05-4831-90F9-7782E1ED9149} = {21978767-FF28-4EC0-9EEE-17862F02DB8D}
		{4C7D77E8-484E-41C7-8DBD-92C3969C3C3B} = {DFC6E409-37C6-4DE9-B4AE-28598A606C3F}
	EndGlobalSection
EndGlobal
